{
  "name": "fast-todo-types",
  "version": "0.0.1",
  "lockfileVersion": 3,
  "requires": true,
  "packages": {
    "": {
      "name": "fast-todo-types",
      "version": "0.0.1",
      "license": "ISC",
      "dependencies": {
        "superstruct": "^1.0.4",
        "tsc": "^2.0.4"
      }
    },
    "node_modules/superstruct": {
      "version": "1.0.4",
      "resolved": "https://registry.npmjs.org/superstruct/-/superstruct-1.0.4.tgz",
      "integrity": "sha512-7JpaAoX2NGyoFlI9NBh66BQXGONc+uE+MRS5i2iOBKuS4e+ccgMDjATgZldkah+33DakBxDHiss9kvUcGAO8UQ==",
      "engines": {
        "node": ">=14.0.0"
      }
    },
    "node_modules/tsc": {
      "version": "2.0.4",
      "resolved": "https://registry.npmjs.org/tsc/-/tsc-2.0.4.tgz",
      "integrity": "sha512-fzoSieZI5KKJVBYGvwbVZs/J5za84f2lSTLPYf6AGiIf43tZ3GNrI1QzTLcjtyDDP4aLxd46RTZq1nQxe7+k5Q==",
      "bin": {
        "tsc": "bin/tsc"
      }
    }
  }
}
